// !$*UTF8*$!
{
	archiveVersion = 1;
	classes = {
	};
	objectVersion = 46;
	objects = {

/* Begin PBXBuildFile section */
		AF087FF41E449050009F5B66 /* FirstViewController.m in Sources */ = {isa = PBXBuildFile; fileRef = AF087FF31E449050009F5B66 /* FirstViewController.m */; };
		AF087FF71E44905D009F5B66 /* SecondViewController.m in Sources */ = {isa = PBXBuildFile; fileRef = AF087FF61E44905D009F5B66 /* SecondViewController.m */; };
		AF2199E91FAF709A0025B73A /* RACSignalViewController.m in Sources */ = {isa = PBXBuildFile; fileRef = AF2199E81FAF70990025B73A /* RACSignalViewController.m */; };
		AF3697B51E446407009C5999 /* LoginViewController.m in Sources */ = {isa = PBXBuildFile; fileRef = AF3697B41E446407009C5999 /* LoginViewController.m */; };
		AF9B331D1E4385CD0031DF5B /* main.m in Sources */ = {isa = PBXBuildFile; fileRef = AF9B331C1E4385CD0031DF5B /* main.m */; };
		AF9B33201E4385CD0031DF5B /* AppDelegate.m in Sources */ = {isa = PBXBuildFile; fileRef = AF9B331F1E4385CD0031DF5B /* AppDelegate.m */; };
		AF9B33281E4385CD0031DF5B /* Assets.xcassets in Resources */ = {isa = PBXBuildFile; fileRef = AF9B33271E4385CD0031DF5B /* Assets.xcassets */; };
		AF9B332B1E4385CD0031DF5B /* LaunchScreen.storyboard in Resources */ = {isa = PBXBuildFile; fileRef = AF9B33291E4385CD0031DF5B /* LaunchScreen.storyboard */; };
		AF9B33341E4385FA0031DF5B /* MainTableViewController.m in Sources */ = {isa = PBXBuildFile; fileRef = AF9B33331E4385FA0031DF5B /* MainTableViewController.m */; };
		AF9B33381E438A6F0031DF5B /* AddNumberViewController.m in Sources */ = {isa = PBXBuildFile; fileRef = AF9B33371E438A6F0031DF5B /* AddNumberViewController.m */; };
		AFA6D7A51E45B47D00FA4CC3 /* UserModel.m in Sources */ = {isa = PBXBuildFile; fileRef = AFA6D7A41E45B47D00FA4CC3 /* UserModel.m */; };
		AFAF88DB1FADD3C9004754DD /* FmdbRacViewController.m in Sources */ = {isa = PBXBuildFile; fileRef = AFAF88D91FADD3C9004754DD /* FmdbRacViewController.m */; };
		AFAF88DC1FADD3C9004754DD /* FmdbRacEditViewController.m in Sources */ = {isa = PBXBuildFile; fileRef = AFAF88DA1FADD3C9004754DD /* FmdbRacEditViewController.m */; };
		AFE96A391FAF5BA500536984 /* RACBaseTableViewController.m in Sources */ = {isa = PBXBuildFile; fileRef = AFE96A381FAF5BA500536984 /* RACBaseTableViewController.m */; };
		AFF6610B1E449D260087CC8F /* SearchTableViewController.m in Sources */ = {isa = PBXBuildFile; fileRef = AFF6610A1E449D260087CC8F /* SearchTableViewController.m */; };
		F15391DEB3C23A9797BEE8AA /* libPods-RACExample.a in Frameworks */ = {isa = PBXBuildFile; fileRef = 4E931184B8F00A3587A4C109 /* libPods-RACExample.a */; };
/* End PBXBuildFile section */

/* Begin PBXFileReference section */
		02D84EAE9602782D007DE3D0 /* Pods-RACExample.debug.xcconfig */ = {isa = PBXFileReference; includeInIndex = 1; lastKnownFileType = text.xcconfig; name = "Pods-RACExample.debug.xcconfig"; path = "Pods/Target Support Files/Pods-RACExample/Pods-RACExample.debug.xcconfig"; sourceTree = "<group>"; };
		4E931184B8F00A3587A4C109 /* libPods-RACExample.a */ = {isa = PBXFileReference; explicitFileType = archive.ar; includeInIndex = 0; path = "libPods-RACExample.a"; sourceTree = BUILT_PRODUCTS_DIR; };
		AF087FF21E449050009F5B66 /* FirstViewController.h */ = {isa = PBXFileReference; fileEncoding = 4; lastKnownFileType = sourcecode.c.h; path = FirstViewController.h; sourceTree = "<group>"; };
		AF087FF31E449050009F5B66 /* FirstViewController.m */ = {isa = PBXFileReference; fileEncoding = 4; lastKnownFileType = sourcecode.c.objc; path = FirstViewController.m; sourceTree = "<group>"; };
		AF087FF51E44905D009F5B66 /* SecondViewController.h */ = {isa = PBXFileReference; fileEncoding = 4; lastKnownFileType = sourcecode.c.h; path = SecondViewController.h; sourceTree = "<group>"; };
		AF087FF61E44905D009F5B66 /* SecondViewController.m */ = {isa = PBXFileReference; fileEncoding = 4; lastKnownFileType = sourcecode.c.objc; path = SecondViewController.m; sourceTree = "<group>"; };
		AF2199E71FAF70990025B73A /* RACSignalViewController.h */ = {isa = PBXFileReference; lastKnownFileType = sourcecode.c.h; path = RACSignalViewController.h; sourceTree = "<group>"; };
		AF2199E81FAF70990025B73A /* RACSignalViewController.m */ = {isa = PBXFileReference; lastKnownFileType = sourcecode.c.objc; path = RACSignalViewController.m; sourceTree = "<group>"; };
		AF3697B31E446407009C5999 /* LoginViewController.h */ = {isa = PBXFileReference; fileEncoding = 4; lastKnownFileType = sourcecode.c.h; path = LoginViewController.h; sourceTree = "<group>"; };
		AF3697B41E446407009C5999 /* LoginViewController.m */ = {isa = PBXFileReference; fileEncoding = 4; lastKnownFileType = sourcecode.c.objc; path = LoginViewController.m; sourceTree = "<group>"; };
		AF9B33181E4385CD0031DF5B /* RACExample.app */ = {isa = PBXFileReference; explicitFileType = wrapper.application; includeInIndex = 0; path = RACExample.app; sourceTree = BUILT_PRODUCTS_DIR; };
		AF9B331C1E4385CD0031DF5B /* main.m */ = {isa = PBXFileReference; lastKnownFileType = sourcecode.c.objc; path = main.m; sourceTree = "<group>"; };
		AF9B331E1E4385CD0031DF5B /* AppDelegate.h */ = {isa = PBXFileReference; lastKnownFileType = sourcecode.c.h; path = AppDelegate.h; sourceTree = "<group>"; };
		AF9B331F1E4385CD0031DF5B /* AppDelegate.m */ = {isa = PBXFileReference; lastKnownFileType = sourcecode.c.objc; path = AppDelegate.m; sourceTree = "<group>"; };
		AF9B33271E4385CD0031DF5B /* Assets.xcassets */ = {isa = PBXFileReference; lastKnownFileType = folder.assetcatalog; path = Assets.xcassets; sourceTree = "<group>"; };
		AF9B332A1E4385CD0031DF5B /* Base */ = {isa = PBXFileReference; lastKnownFileType = file.storyboard; name = Base; path = Base.lproj/LaunchScreen.storyboard; sourceTree = "<group>"; };
		AF9B332C1E4385CD0031DF5B /* Info.plist */ = {isa = PBXFileReference; lastKnownFileType = text.plist.xml; path = Info.plist; sourceTree = "<group>"; };
		AF9B33321E4385FA0031DF5B /* MainTableViewController.h */ = {isa = PBXFileReference; fileEncoding = 4; lastKnownFileType = sourcecode.c.h; path = MainTableViewController.h; sourceTree = "<group>"; };
		AF9B33331E4385FA0031DF5B /* MainTableViewController.m */ = {isa = PBXFileReference; fileEncoding = 4; lastKnownFileType = sourcecode.c.objc; path = MainTableViewController.m; sourceTree = "<group>"; };
		AF9B33351E4388A30031DF5B /* Header.pch */ = {isa = PBXFileReference; fileEncoding = 4; lastKnownFileType = sourcecode.c.h; path = Header.pch; sourceTree = "<group>"; };
		AF9B33361E438A6F0031DF5B /* AddNumberViewController.h */ = {isa = PBXFileReference; fileEncoding = 4; lastKnownFileType = sourcecode.c.h; path = AddNumberViewController.h; sourceTree = "<group>"; };
		AF9B33371E438A6F0031DF5B /* AddNumberViewController.m */ = {isa = PBXFileReference; fileEncoding = 4; lastKnownFileType = sourcecode.c.objc; path = AddNumberViewController.m; sourceTree = "<group>"; };
		AFA6D7A31E45B47D00FA4CC3 /* UserModel.h */ = {isa = PBXFileReference; fileEncoding = 4; lastKnownFileType = sourcecode.c.h; path = UserModel.h; sourceTree = "<group>"; };
		AFA6D7A41E45B47D00FA4CC3 /* UserModel.m */ = {isa = PBXFileReference; fileEncoding = 4; lastKnownFileType = sourcecode.c.objc; path = UserModel.m; sourceTree = "<group>"; };
		AFAF88D71FADD3C8004754DD /* FmdbRacEditViewController.h */ = {isa = PBXFileReference; fileEncoding = 4; lastKnownFileType = sourcecode.c.h; path = FmdbRacEditViewController.h; sourceTree = "<group>"; };
		AFAF88D81FADD3C9004754DD /* FmdbRacViewController.h */ = {isa = PBXFileReference; fileEncoding = 4; lastKnownFileType = sourcecode.c.h; path = FmdbRacViewController.h; sourceTree = "<group>"; };
		AFAF88D91FADD3C9004754DD /* FmdbRacViewController.m */ = {isa = PBXFileReference; fileEncoding = 4; lastKnownFileType = sourcecode.c.objc; path = FmdbRacViewController.m; sourceTree = "<group>"; };
		AFAF88DA1FADD3C9004754DD /* FmdbRacEditViewController.m */ = {isa = PBXFileReference; fileEncoding = 4; lastKnownFileType = sourcecode.c.objc; path = FmdbRacEditViewController.m; sourceTree = "<group>"; };
		AFE96A371FAF5BA500536984 /* RACBaseTableViewController.h */ = {isa = PBXFileReference; lastKnownFileType = sourcecode.c.h; path = RACBaseTableViewController.h; sourceTree = "<group>"; };
		AFE96A381FAF5BA500536984 /* RACBaseTableViewController.m */ = {isa = PBXFileReference; lastKnownFileType = sourcecode.c.objc; path = RACBaseTableViewController.m; sourceTree = "<group>"; };
		AFE96A3D1FAF5C8700536984 /* Macros.h */ = {isa = PBXFileReference; lastKnownFileType = sourcecode.c.h; path = Macros.h; sourceTree = "<group>"; };
		AFF661091E449D260087CC8F /* SearchTableViewController.h */ = {isa = PBXFileReference; fileEncoding = 4; lastKnownFileType = sourcecode.c.h; path = SearchTableViewController.h; sourceTree = "<group>"; };
		AFF6610A1E449D260087CC8F /* SearchTableViewController.m */ = {isa = PBXFileReference; fileEncoding = 4; lastKnownFileType = sourcecode.c.objc; path = SearchTableViewController.m; sourceTree = "<group>"; };
		DACAE99B8B63D3A4CE77267E /* Pods-RACExample.release.xcconfig */ = {isa = PBXFileReference; includeInIndex = 1; lastKnownFileType = text.xcconfig; name = "Pods-RACExample.release.xcconfig"; path = "Pods/Target Support Files/Pods-RACExample/Pods-RACExample.release.xcconfig"; sourceTree = "<group>"; };
/* End PBXFileReference section */

/* Begin PBXFrameworksBuildPhase section */
		AF9B33151E4385CD0031DF5B /* Frameworks */ = {
			isa = PBXFrameworksBuildPhase;
			buildActionMask = 2147483647;
			files = (
				F15391DEB3C23A9797BEE8AA /* libPods-RACExample.a in Frameworks */,
			);
			runOnlyForDeploymentPostprocessing = 0;
		};
/* End PBXFrameworksBuildPhase section */

/* Begin PBXGroup section */
		23A0345E6BF7CB61D8C6537A /* Pods */ = {
			isa = PBXGroup;
			children = (
				02D84EAE9602782D007DE3D0 /* Pods-RACExample.debug.xcconfig */,
				DACAE99B8B63D3A4CE77267E /* Pods-RACExample.release.xcconfig */,
			);
			name = Pods;
			sourceTree = "<group>";
		};
		AF087FF11E449038009F5B66 /* CallBack */ = {
			isa = PBXGroup;
			children = (
				AF087FF21E449050009F5B66 /* FirstViewController.h */,
				AF087FF31E449050009F5B66 /* FirstViewController.m */,
				AF087FF51E44905D009F5B66 /* SecondViewController.h */,
				AF087FF61E44905D009F5B66 /* SecondViewController.m */,
			);
			name = CallBack;
			sourceTree = "<group>";
		};
		AF087FF81E449BF2009F5B66 /* Search GitHub */ = {
			isa = PBXGroup;
			children = (
				AFF661091E449D260087CC8F /* SearchTableViewController.h */,
				AFF6610A1E449D260087CC8F /* SearchTableViewController.m */,
				AFA6D7A31E45B47D00FA4CC3 /* UserModel.h */,
				AFA6D7A41E45B47D00FA4CC3 /* UserModel.m */,
			);
			name = "Search GitHub";
			sourceTree = "<group>";
		};
		AF3697B21E4463E3009C5999 /* Simple Login */ = {
			isa = PBXGroup;
			children = (
				AF3697B31E446407009C5999 /* LoginViewController.h */,
				AF3697B41E446407009C5999 /* LoginViewController.m */,
			);
			name = "Simple Login";
			sourceTree = "<group>";
		};
		AF9B330F1E4385CD0031DF5B = {
			isa = PBXGroup;
			children = (
				AF9B331A1E4385CD0031DF5B /* RACExample */,
				AF9B33191E4385CD0031DF5B /* Products */,
				23A0345E6BF7CB61D8C6537A /* Pods */,
				C17EC9024BE84157A4AC88BA /* Frameworks */,
			);
			sourceTree = "<group>";
		};
		AF9B33191E4385CD0031DF5B /* Products */ = {
			isa = PBXGroup;
			children = (
				AF9B33181E4385CD0031DF5B /* RACExample.app */,
			);
			name = Products;
			sourceTree = "<group>";
		};
		AF9B331A1E4385CD0031DF5B /* RACExample */ = {
			isa = PBXGroup;
			children = (
				AFE96A361FAF5B7700536984 /* RACBase */,
				AFAF88D61FADD3B5004754DD /* FMDB */,
				AF087FF81E449BF2009F5B66 /* Search GitHub */,
				AF087FF11E449038009F5B66 /* CallBack */,
				AF3697B21E4463E3009C5999 /* Simple Login */,
				AF9B33391E438A750031DF5B /* AddNumbers */,
				AF9B331B1E4385CD0031DF5B /* Supporting Files */,
			);
			path = RACExample;
			sourceTree = "<group>";
		};
		AF9B331B1E4385CD0031DF5B /* Supporting Files */ = {
			isa = PBXGroup;
			children = (
				AF9B331E1E4385CD0031DF5B /* AppDelegate.h */,
				AF9B331F1E4385CD0031DF5B /* AppDelegate.m */,
				AF9B33321E4385FA0031DF5B /* MainTableViewController.h */,
				AF9B33331E4385FA0031DF5B /* MainTableViewController.m */,
				AF9B33351E4388A30031DF5B /* Header.pch */,
				AFE96A3D1FAF5C8700536984 /* Macros.h */,
				AF9B33271E4385CD0031DF5B /* Assets.xcassets */,
				AF9B33291E4385CD0031DF5B /* LaunchScreen.storyboard */,
				AF9B332C1E4385CD0031DF5B /* Info.plist */,
				AF9B331C1E4385CD0031DF5B /* main.m */,
			);
			name = "Supporting Files";
			sourceTree = "<group>";
		};
		AF9B33391E438A750031DF5B /* AddNumbers */ = {
			isa = PBXGroup;
			children = (
				AF9B33361E438A6F0031DF5B /* AddNumberViewController.h */,
				AF9B33371E438A6F0031DF5B /* AddNumberViewController.m */,
			);
			name = AddNumbers;
			sourceTree = "<group>";
		};
		AFAF88D61FADD3B5004754DD /* FMDB */ = {
			isa = PBXGroup;
			children = (
				AFAF88D71FADD3C8004754DD /* FmdbRacEditViewController.h */,
				AFAF88DA1FADD3C9004754DD /* FmdbRacEditViewController.m */,
				AFAF88D81FADD3C9004754DD /* FmdbRacViewController.h */,
				AFAF88D91FADD3C9004754DD /* FmdbRacViewController.m */,
			);
			name = FMDB;
			sourceTree = "<group>";
		};
		AFE96A361FAF5B7700536984 /* RACBase */ = {
			isa = PBXGroup;
			children = (
				AFE96A371FAF5BA500536984 /* RACBaseTableViewController.h */,
				AFE96A381FAF5BA500536984 /* RACBaseTableViewController.m */,
				AF2199E71FAF70990025B73A /* RACSignalViewController.h */,
				AF2199E81FAF70990025B73A /* RACSignalViewController.m */,
			);
			name = RACBase;
			sourceTree = "<group>";
		};
		C17EC9024BE84157A4AC88BA /* Frameworks */ = {
			isa = PBXGroup;
			children = (
				4E931184B8F00A3587A4C109 /* libPods-RACExample.a */,
			);
			name = Frameworks;
			sourceTree = "<group>";
		};
/* End PBXGroup section */

/* Begin PBXNativeTarget section */
		AF9B33171E4385CD0031DF5B /* RACExample */ = {
			isa = PBXNativeTarget;
			buildConfigurationList = AF9B332F1E4385CD0031DF5B /* Build configuration list for PBXNativeTarget "RACExample" */;
			buildPhases = (
				F52BB285F25BB4094731CA7C /* [CP] Check Pods Manifest.lock */,
				AF9B33141E4385CD0031DF5B /* Sources */,
				AF9B33151E4385CD0031DF5B /* Frameworks */,
				AF9B33161E4385CD0031DF5B /* Resources */,
				35CB5FA1E1AB1419917DCABE /* [CP] Embed Pods Frameworks */,
				C2B3E963BBB39E0C5030EBAB /* [CP] Copy Pods Resources */,
			);
			buildRules = (
			);
			dependencies = (
			);
			name = RACExample;
			productName = RACExample;
			productReference = AF9B33181E4385CD0031DF5B /* RACExample.app */;
			productType = "com.apple.product-type.application";
		};
/* End PBXNativeTarget section */

/* Begin PBXProject section */
		AF9B33101E4385CD0031DF5B /* Project object */ = {
			isa = PBXProject;
			attributes = {
				LastUpgradeCheck = 0910;
				ORGANIZATIONNAME = "海啸";
				TargetAttributes = {
					AF9B33171E4385CD0031DF5B = {
						CreatedOnToolsVersion = 8.2;
						DevelopmentTeam = 8CJPZVXX3U;
						ProvisioningStyle = Automatic;
					};
				};
			};
			buildConfigurationList = AF9B33131E4385CD0031DF5B /* Build configuration list for PBXProject "RACExample" */;
			compatibilityVersion = "Xcode 3.2";
			developmentRegion = English;
			hasScannedForEncodings = 0;
			knownRegions = (
				en,
				Base,
			);
			mainGroup = AF9B330F1E4385CD0031DF5B;
			productRefGroup = AF9B33191E4385CD0031DF5B /* Products */;
			projectDirPath = "";
			projectRoot = "";
			targets = (
				AF9B33171E4385CD0031DF5B /* RACExample */,
			);
		};
/* End PBXProject section */

/* Begin PBXResourcesBuildPhase section */
		AF9B33161E4385CD0031DF5B /* Resources */ = {
			isa = PBXResourcesBuildPhase;
			buildActionMask = 2147483647;
			files = (
				AF9B332B1E4385CD0031DF5B /* LaunchScreen.storyboard in Resources */,
				AF9B33281E4385CD0031DF5B /* Assets.xcassets in Resources */,
			);
			runOnlyForDeploymentPostprocessing = 0;
		};
/* End PBXResourcesBuildPhase section */

/* Begin PBXShellScriptBuildPhase section */
		35CB5FA1E1AB1419917DCABE /* [CP] Embed Pods Frameworks */ = {
			isa = PBXShellScriptBuildPhase;
			buildActionMask = 2147483647;
			files = (
			);
			inputPaths = (
			);
			name = "[CP] Embed Pods Frameworks";
			outputPaths = (
			);
			runOnlyForDeploymentPostprocessing = 0;
			shellPath = /bin/sh;
			shellScript = "\"${SRCROOT}/Pods/Target Support Files/Pods-RACExample/Pods-RACExample-frameworks.sh\"\n";
			showEnvVarsInLog = 0;
		};
		C2B3E963BBB39E0C5030EBAB /* [CP] Copy Pods Resources */ = {
			isa = PBXShellScriptBuildPhase;
			buildActionMask = 2147483647;
			files = (
			);
			inputPaths = (
				"${SRCROOT}/Pods/Target Support Files/Pods-RACExample/Pods-RACExample-resources.sh",
				"${PODS_ROOT}/JGProgressHUD/JGProgressHUD/JGProgressHUD/JGProgressHUD Resources.bundle",
			);
			name = "[CP] Copy Pods Resources";
			outputPaths = (
				"${TARGET_BUILD_DIR}/${UNLOCALIZED_RESOURCES_FOLDER_PATH}",
			);
			runOnlyForDeploymentPostprocessing = 0;
			shellPath = /bin/sh;
			shellScript = "\"${SRCROOT}/Pods/Target Support Files/Pods-RACExample/Pods-RACExample-resources.sh\"\n";
			showEnvVarsInLog = 0;
		};
		F52BB285F25BB4094731CA7C /* [CP] Check Pods Manifest.lock */ = {
			isa = PBXShellScriptBuildPhase;
			buildActionMask = 2147483647;
			files = (
			);
			inputPaths = (
				"${PODS_PODFILE_DIR_PATH}/Podfile.lock",
				"${PODS_ROOT}/Manifest.lock",
			);
			name = "[CP] Check Pods Manifest.lock";
			outputPaths = (
				"$(DERIVED_FILE_DIR)/Pods-RACExample-checkManifestLockResult.txt",
			);
			runOnlyForDeploymentPostprocessing = 0;
			shellPath = /bin/sh;
			shellScript = "diff \"${PODS_PODFILE_DIR_PATH}/Podfile.lock\" \"${PODS_ROOT}/Manifest.lock\" > /dev/null\nif [ $? != 0 ] ; then\n    # print error to STDERR\n    echo \"error: The sandbox is not in sync with the Podfile.lock. Run 'pod install' or update your CocoaPods installation.\" >&2\n    exit 1\nfi\n# This output is used by Xcode 'outputs' to avoid re-running this script phase.\necho \"SUCCESS\" > \"${SCRIPT_OUTPUT_FILE_0}\"\n";
			showEnvVarsInLog = 0;
		};
/* End PBXShellScriptBuildPhase section */

/* Begin PBXSourcesBuildPhase section */
		AF9B33141E4385CD0031DF5B /* Sources */ = {
			isa = PBXSourcesBuildPhase;
			buildActionMask = 2147483647;
			files = (
				AF9B33341E4385FA0031DF5B /* MainTableViewController.m in Sources */,
				AFAF88DC1FADD3C9004754DD /* FmdbRacEditViewController.m in Sources */,
				AF087FF41E449050009F5B66 /* FirstViewController.m in Sources */,
				AF2199E91FAF709A0025B73A /* RACSignalViewController.m in Sources */,
				AFE96A391FAF5BA500536984 /* RACBaseTableViewController.m in Sources */,
				AFAF88DB1FADD3C9004754DD /* FmdbRacViewController.m in Sources */,
				AF9B33381E438A6F0031DF5B /* AddNumberViewController.m in Sources */,
				AFF6610B1E449D260087CC8F /* SearchTableViewController.m in Sources */,
				AF087FF71E44905D009F5B66 /* SecondViewController.m in Sources */,
				AF9B33201E4385CD0031DF5B /* AppDelegate.m in Sources */,
				AF9B331D1E4385CD0031DF5B /* main.m in Sources */,
				AF3697B51E446407009C5999 /* LoginViewController.m in Sources */,
				AFA6D7A51E45B47D00FA4CC3 /* UserModel.m in Sources */,
			);
			runOnlyForDeploymentPostprocessing = 0;
		};
/* End PBXSourcesBuildPhase section */

/* Begin PBXVariantGroup section */
		AF9B33291E4385CD0031DF5B /* LaunchScreen.storyboard */ = {
			isa = PBXVariantGroup;
			children = (
				AF9B332A1E4385CD0031DF5B /* Base */,
			);
			name = LaunchScreen.storyboard;
			sourceTree = "<group>";
		};
/* End PBXVariantGroup section */

/* Begin XCBuildConfiguration section */
		AF9B332D1E4385CD0031DF5B /* Debug */ = {
			isa = XCBuildConfiguration;
			buildSettings = {
				ALWAYS_SEARCH_USER_PATHS = NO;
				CLANG_ANALYZER_NONNULL = YES;
				CLANG_CXX_LANGUAGE_STANDARD = "gnu++0x";
				CLANG_CXX_LIBRARY = "libc++";
				CLANG_ENABLE_MODULES = YES;
				CLANG_ENABLE_OBJC_ARC = YES;
				CLANG_WARN_BLOCK_CAPTURE_AUTORELEASING = YES;
				CLANG_WARN_BOOL_CONVERSION = YES;
				CLANG_WARN_COMMA = YES;
				CLANG_WARN_CONSTANT_CONVERSION = YES;
				CLANG_WARN_DIRECT_OBJC_ISA_USAGE = YES_ERROR;
				CLANG_WARN_DOCUMENTATION_COMMENTS = YES;
				CLANG_WARN_EMPTY_BODY = YES;
				CLANG_WARN_ENUM_CONVERSION = YES;
				CLANG_WARN_INFINITE_RECURSION = YES;
				CLANG_WARN_INT_CONVERSION = YES;
				CLANG_WARN_NON_LITERAL_NULL_CONVERSION = YES;
				CLANG_WARN_OBJC_LITERAL_CONVERSION = YES;
				CLANG_WARN_OBJC_ROOT_CLASS = YES_ERROR;
				CLANG_WARN_RANGE_LOOP_ANALYSIS = YES;
				CLANG_WARN_STRICT_PROTOTYPES = YES;
				CLANG_WARN_SUSPICIOUS_MOVE = YES;
				CLANG_WARN_UNREACHABLE_CODE = YES;
				CLANG_WARN__DUPLICATE_METHOD_MATCH = YES;
				"CODE_SIGN_IDENTITY[sdk=iphoneos*]" = "iPhone Developer";
				COPY_PHASE_STRIP = NO;
				DEBUG_INFORMATION_FORMAT = dwarf;
				ENABLE_STRICT_OBJC_MSGSEND = YES;
				ENABLE_TESTABILITY = YES;
				GCC_C_LANGUAGE_STANDARD = gnu99;
				GCC_DYNAMIC_NO_PIC = NO;
				GCC_NO_COMMON_BLOCKS = YES;
				GCC_OPTIMIZATION_LEVEL = 0;
				GCC_PREPROCESSOR_DEFINITIONS = (
					"DEBUG=1",
					"$(inherited)",
				);
				GCC_WARN_64_TO_32_BIT_CONVERSION = YES;
				GCC_WARN_ABOUT_RETURN_TYPE = YES_ERROR;
				GCC_WARN_UNDECLARED_SELECTOR = YES;
				GCC_WARN_UNINITIALIZED_AUTOS = YES_AGGRESSIVE;
				GCC_WARN_UNUSED_FUNCTION = YES;
				GCC_WARN_UNUSED_VARIABLE = YES;
				IPHONEOS_DEPLOYMENT_TARGET = 9.0;
				MTL_ENABLE_DEBUG_INFO = YES;
				ONLY_ACTIVE_ARCH = YES;
				SDKROOT = iphoneos;
			};
			name = Debug;
		};
		AF9B332E1E4385CD0031DF5B /* Release */ = {
			isa = XCBuildConfiguration;
			buildSettings = {
				ALWAYS_SEARCH_USER_PATHS = NO;
				CLANG_ANALYZER_NONNULL = YES;
				CLANG_CXX_LANGUAGE_STANDARD = "gnu++0x";
				CLANG_CXX_LIBRARY = "libc++";
				CLANG_ENABLE_MODULES = YES;
				CLANG_ENABLE_OBJC_ARC = YES;
				CLANG_WARN_BLOCK_CAPTURE_AUTORELEASING = YES;
				CLANG_WARN_BOOL_CONVERSION = YES;
				CLANG_WARN_COMMA = YES;
				CLANG_WARN_CONSTANT_CONVERSION = YES;
				CLANG_WARN_DIRECT_OBJC_ISA_USAGE = YES_ERROR;
				CLANG_WARN_DOCUMENTATION_COMMENTS = YES;
				CLANG_WARN_EMPTY_BODY = YES;
				CLANG_WARN_ENUM_CONVERSION = YES;
				CLANG_WARN_INFINITE_RECURSION = YES;
				CLANG_WARN_INT_CONVERSION = YES;
				CLANG_WARN_NON_LITERAL_NULL_CONVERSION = YES;
				CLANG_WARN_OBJC_LITERAL_CONVERSION = YES;
				CLANG_WARN_OBJC_ROOT_CLASS = YES_ERROR;
				CLANG_WARN_RANGE_LOOP_ANALYSIS = YES;
				CLANG_WARN_STRICT_PROTOTYPES = YES;
				CLANG_WARN_SUSPICIOUS_MOVE = YES;
				CLANG_WARN_UNREACHABLE_CODE = YES;
				CLANG_WARN__DUPLICATE_METHOD_MATCH = YES;
				"CODE_SIGN_IDENTITY[sdk=iphoneos*]" = "iPhone Developer";
				COPY_PHASE_STRIP = NO;
				DEBUG_INFORMATION_FORMAT = "dwarf-with-dsym";
				ENABLE_NS_ASSERTIONS = NO;
				ENABLE_STRICT_OBJC_MSGSEND = YES;
				GCC_C_LANGUAGE_STANDARD = gnu99;
				GCC_NO_COMMON_BLOCKS = YES;
				GCC_WARN_64_TO_32_BIT_CONVERSION = YES;
				GCC_WARN_ABOUT_RETURN_TYPE = YES_ERROR;
				GCC_WARN_UNDECLARED_SELECTOR = YES;
				GCC_WARN_UNINITIALIZED_AUTOS = YES_AGGRESSIVE;
				GCC_WARN_UNUSED_FUNCTION = YES;
				GCC_WARN_UNUSED_VARIABLE = YES;
				IPHONEOS_DEPLOYMENT_TARGET = 9.0;
				MTL_ENABLE_DEBUG_INFO = NO;
				SDKROOT = iphoneos;
				VALIDATE_PRODUCT = YES;
			};
			name = Release;
		};
		AF9B33301E4385CD0031DF5B /* Debug */ = {
			isa = XCBuildConfiguration;
			baseConfigurationReference = 02D84EAE9602782D007DE3D0 /* Pods-RACExample.debug.xcconfig */;
			buildSettings = {
				ASSETCATALOG_COMPILER_APPICON_NAME = AppIcon;
				DEVELOPMENT_TEAM = 8CJPZVXX3U;
				GCC_PRECOMPILE_PREFIX_HEADER = YES;
				GCC_PREFIX_HEADER = "$(SRCROOT)/RACExample/Header.pch";
				INFOPLIST_FILE = RACExample/Info.plist;
				LD_RUNPATH_SEARCH_PATHS = "$(inherited) @executable_path/Frameworks";
				PRODUCT_BUNDLE_IDENTIFIER = Haixiao.RACExample;
				PRODUCT_NAME = "$(TARGET_NAME)";
			};
			name = Debug;
		};
		AF9B33311E4385CD0031DF5B /* Release */ = {
			isa = XCBuildConfiguration;
			baseConfigurationReference = DACAE99B8B63D3A4CE77267E /* Pods-RACExample.release.xcconfig */;
			buildSettings = {
				ASSETCATALOG_COMPILER_APPICON_NAME = AppIcon;
				DEVELOPMENT_TEAM = 8CJPZVXX3U;
				GCC_PRECOMPILE_PREFIX_HEADER = YES;
				GCC_PREFIX_HEADER = "$(SRCROOT)/RACExample/Header.pch";
				INFOPLIST_FILE = RACExample/Info.plist;
				LD_RUNPATH_SEARCH_PATHS = "$(inherited) @executable_path/Frameworks";
				PRODUCT_BUNDLE_IDENTIFIER = Haixiao.RACExample;
				PRODUCT_NAME = "$(TARGET_NAME)";
			};
			name = Release;
		};
/* End XCBuildConfiguration section */

/* Begin XCConfigurationList section */
		AF9B33131E4385CD0031DF5B /* Build configuration list for PBXProject "RACExample" */ = {
			isa = XCConfigurationList;
			buildConfigurations = (
				AF9B332D1E4385CD0031DF5B /* Debug */,
				AF9B332E1E4385CD0031DF5B /* Release */,
			);
			defaultConfigurationIsVisible = 0;
			defaultConfigurationName = Release;
		};
		AF9B332F1E4385CD0031DF5B /* Build configuration list for PBXNativeTarget "RACExample" */ = {
			isa = XCConfigurationList;
			buildConfigurations = (
				AF9B33301E4385CD0031DF5B /* Debug */,
				AF9B33311E4385CD0031DF5B /* Release */,
			);
			defaultConfigurationIsVisible = 0;
			defaultConfigurationName = Release;
		};
/* End XCConfigurationList section */
	};
	rootObject = AF9B33101E4385CD0031DF5B /* Project object */;
}
