// !$*UTF8*$!
{
	archiveVersion = 1;
	classes = {
	};
	objectVersion = 46;
	objects = {

/* Begin PBXBuildFile section */
		5212A1D053D408E685F8D4DD /* libPods-RACToDo-OCTests.a in Frameworks */ = {isa = PBXBuildFile; fileRef = C456215B77A7ABEC623B2921 /* libPods-RACToDo-OCTests.a */; };
		5A2281F5292D0FBC913AE037 /* libPods-RACToDo-OC.a in Frameworks */ = {isa = PBXBuildFile; fileRef = 6E5D7E91BDB091A922EB1417 /* libPods-RACToDo-OC.a */; };
		AF0FE02E1E40D62C00129890 /* libsqlite3.0.tbd in Frameworks */ = {isa = PBXBuildFile; fileRef = AF0FE02D1E40D62C00129890 /* libsqlite3.0.tbd */; };
		AF20B1981E40D1BE002787E2 /* main.m in Sources */ = {isa = PBXBuildFile; fileRef = AF20B1971E40D1BE002787E2 /* main.m */; };
		AF20B19B1E40D1BE002787E2 /* AppDelegate.m in Sources */ = {isa = PBXBuildFile; fileRef = AF20B19A1E40D1BE002787E2 /* AppDelegate.m */; };
		AF20B1A11E40D1BE002787E2 /* Main.storyboard in Resources */ = {isa = PBXBuildFile; fileRef = AF20B19F1E40D1BE002787E2 /* Main.storyboard */; };
		AF20B1A31E40D1BE002787E2 /* Assets.xcassets in Resources */ = {isa = PBXBuildFile; fileRef = AF20B1A21E40D1BE002787E2 /* Assets.xcassets */; };
		AF20B1A61E40D1BE002787E2 /* LaunchScreen.storyboard in Resources */ = {isa = PBXBuildFile; fileRef = AF20B1A41E40D1BE002787E2 /* LaunchScreen.storyboard */; };
		AF20B1B11E40D1BE002787E2 /* RACToDo_OCTests.m in Sources */ = {isa = PBXBuildFile; fileRef = AF20B1B01E40D1BE002787E2 /* RACToDo_OCTests.m */; };
		AF20B1BC1E40D1BE002787E2 /* RACToDo_OCUITests.m in Sources */ = {isa = PBXBuildFile; fileRef = AF20B1BB1E40D1BE002787E2 /* RACToDo_OCUITests.m */; };
		AF20B1CB1E40D25D002787E2 /* FirstTableViewController.m in Sources */ = {isa = PBXBuildFile; fileRef = AF20B1CA1E40D25D002787E2 /* FirstTableViewController.m */; };
		AF20B1CE1E40D270002787E2 /* SecondViewController.m in Sources */ = {isa = PBXBuildFile; fileRef = AF20B1CD1E40D270002787E2 /* SecondViewController.m */; };
/* End PBXBuildFile section */

/* Begin PBXContainerItemProxy section */
		AF20B1AD1E40D1BE002787E2 /* PBXContainerItemProxy */ = {
			isa = PBXContainerItemProxy;
			containerPortal = AF20B18B1E40D1BE002787E2 /* Project object */;
			proxyType = 1;
			remoteGlobalIDString = AF20B1921E40D1BE002787E2;
			remoteInfo = "RACToDo-OC";
		};
		AF20B1B81E40D1BE002787E2 /* PBXContainerItemProxy */ = {
			isa = PBXContainerItemProxy;
			containerPortal = AF20B18B1E40D1BE002787E2 /* Project object */;
			proxyType = 1;
			remoteGlobalIDString = AF20B1921E40D1BE002787E2;
			remoteInfo = "RACToDo-OC";
		};
/* End PBXContainerItemProxy section */

/* Begin PBXFileReference section */
		1E373D3E09CDBEF59E3B22D7 /* Pods-RACToDo-OCTests.release.xcconfig */ = {isa = PBXFileReference; includeInIndex = 1; lastKnownFileType = text.xcconfig; name = "Pods-RACToDo-OCTests.release.xcconfig"; path = "Pods/Target Support Files/Pods-RACToDo-OCTests/Pods-RACToDo-OCTests.release.xcconfig"; sourceTree = "<group>"; };
		2C9D3EBD7555A32647E1F6BB /* Pods-RACToDo-OCTests.debug.xcconfig */ = {isa = PBXFileReference; includeInIndex = 1; lastKnownFileType = text.xcconfig; name = "Pods-RACToDo-OCTests.debug.xcconfig"; path = "Pods/Target Support Files/Pods-RACToDo-OCTests/Pods-RACToDo-OCTests.debug.xcconfig"; sourceTree = "<group>"; };
		2E487A7F390FAC36018E06F8 /* Pods-RACToDo-OC.debug.xcconfig */ = {isa = PBXFileReference; includeInIndex = 1; lastKnownFileType = text.xcconfig; name = "Pods-RACToDo-OC.debug.xcconfig"; path = "Pods/Target Support Files/Pods-RACToDo-OC/Pods-RACToDo-OC.debug.xcconfig"; sourceTree = "<group>"; };
		6E5D7E91BDB091A922EB1417 /* libPods-RACToDo-OC.a */ = {isa = PBXFileReference; explicitFileType = archive.ar; includeInIndex = 0; path = "libPods-RACToDo-OC.a"; sourceTree = BUILT_PRODUCTS_DIR; };
		AF0FE02D1E40D62C00129890 /* libsqlite3.0.tbd */ = {isa = PBXFileReference; lastKnownFileType = "sourcecode.text-based-dylib-definition"; name = libsqlite3.0.tbd; path = usr/lib/libsqlite3.0.tbd; sourceTree = SDKROOT; };
		AF0FE02F1E40D66600129890 /* Header.pch */ = {isa = PBXFileReference; fileEncoding = 4; lastKnownFileType = sourcecode.c.h; path = Header.pch; sourceTree = "<group>"; };
		AF20B1931E40D1BE002787E2 /* RACToDo-OC.app */ = {isa = PBXFileReference; explicitFileType = wrapper.application; includeInIndex = 0; path = "RACToDo-OC.app"; sourceTree = BUILT_PRODUCTS_DIR; };
		AF20B1971E40D1BE002787E2 /* main.m */ = {isa = PBXFileReference; lastKnownFileType = sourcecode.c.objc; path = main.m; sourceTree = "<group>"; };
		AF20B1991E40D1BE002787E2 /* AppDelegate.h */ = {isa = PBXFileReference; lastKnownFileType = sourcecode.c.h; path = AppDelegate.h; sourceTree = "<group>"; };
		AF20B19A1E40D1BE002787E2 /* AppDelegate.m */ = {isa = PBXFileReference; lastKnownFileType = sourcecode.c.objc; path = AppDelegate.m; sourceTree = "<group>"; };
		AF20B1A01E40D1BE002787E2 /* Base */ = {isa = PBXFileReference; lastKnownFileType = file.storyboard; name = Base; path = Base.lproj/Main.storyboard; sourceTree = "<group>"; };
		AF20B1A21E40D1BE002787E2 /* Assets.xcassets */ = {isa = PBXFileReference; lastKnownFileType = folder.assetcatalog; path = Assets.xcassets; sourceTree = "<group>"; };
		AF20B1A51E40D1BE002787E2 /* Base */ = {isa = PBXFileReference; lastKnownFileType = file.storyboard; name = Base; path = Base.lproj/LaunchScreen.storyboard; sourceTree = "<group>"; };
		AF20B1A71E40D1BE002787E2 /* Info.plist */ = {isa = PBXFileReference; lastKnownFileType = text.plist.xml; path = Info.plist; sourceTree = "<group>"; };
		AF20B1AC1E40D1BE002787E2 /* RACToDo-OCTests.xctest */ = {isa = PBXFileReference; explicitFileType = wrapper.cfbundle; includeInIndex = 0; path = "RACToDo-OCTests.xctest"; sourceTree = BUILT_PRODUCTS_DIR; };
		AF20B1B01E40D1BE002787E2 /* RACToDo_OCTests.m */ = {isa = PBXFileReference; lastKnownFileType = sourcecode.c.objc; path = RACToDo_OCTests.m; sourceTree = "<group>"; };
		AF20B1B21E40D1BE002787E2 /* Info.plist */ = {isa = PBXFileReference; lastKnownFileType = text.plist.xml; path = Info.plist; sourceTree = "<group>"; };
		AF20B1B71E40D1BE002787E2 /* RACToDo-OCUITests.xctest */ = {isa = PBXFileReference; explicitFileType = wrapper.cfbundle; includeInIndex = 0; path = "RACToDo-OCUITests.xctest"; sourceTree = BUILT_PRODUCTS_DIR; };
		AF20B1BB1E40D1BE002787E2 /* RACToDo_OCUITests.m */ = {isa = PBXFileReference; lastKnownFileType = sourcecode.c.objc; path = RACToDo_OCUITests.m; sourceTree = "<group>"; };
		AF20B1BD1E40D1BE002787E2 /* Info.plist */ = {isa = PBXFileReference; lastKnownFileType = text.plist.xml; path = Info.plist; sourceTree = "<group>"; };
		AF20B1C91E40D25D002787E2 /* FirstTableViewController.h */ = {isa = PBXFileReference; fileEncoding = 4; lastKnownFileType = sourcecode.c.h; path = FirstTableViewController.h; sourceTree = "<group>"; };
		AF20B1CA1E40D25D002787E2 /* FirstTableViewController.m */ = {isa = PBXFileReference; fileEncoding = 4; lastKnownFileType = sourcecode.c.objc; path = FirstTableViewController.m; sourceTree = "<group>"; };
		AF20B1CC1E40D270002787E2 /* SecondViewController.h */ = {isa = PBXFileReference; fileEncoding = 4; lastKnownFileType = sourcecode.c.h; path = SecondViewController.h; sourceTree = "<group>"; };
		AF20B1CD1E40D270002787E2 /* SecondViewController.m */ = {isa = PBXFileReference; fileEncoding = 4; lastKnownFileType = sourcecode.c.objc; path = SecondViewController.m; sourceTree = "<group>"; };
		C456215B77A7ABEC623B2921 /* libPods-RACToDo-OCTests.a */ = {isa = PBXFileReference; explicitFileType = archive.ar; includeInIndex = 0; path = "libPods-RACToDo-OCTests.a"; sourceTree = BUILT_PRODUCTS_DIR; };
		EBB5CC87EA25CC9C4B3D1F8E /* Pods-RACToDo-OC.release.xcconfig */ = {isa = PBXFileReference; includeInIndex = 1; lastKnownFileType = text.xcconfig; name = "Pods-RACToDo-OC.release.xcconfig"; path = "Pods/Target Support Files/Pods-RACToDo-OC/Pods-RACToDo-OC.release.xcconfig"; sourceTree = "<group>"; };
/* End PBXFileReference section */

/* Begin PBXFrameworksBuildPhase section */
		AF20B1901E40D1BE002787E2 /* Frameworks */ = {
			isa = PBXFrameworksBuildPhase;
			buildActionMask = 2147483647;
			files = (
				AF0FE02E1E40D62C00129890 /* libsqlite3.0.tbd in Frameworks */,
				5A2281F5292D0FBC913AE037 /* libPods-RACToDo-OC.a in Frameworks */,
			);
			runOnlyForDeploymentPostprocessing = 0;
		};
		AF20B1A91E40D1BE002787E2 /* Frameworks */ = {
			isa = PBXFrameworksBuildPhase;
			buildActionMask = 2147483647;
			files = (
				5212A1D053D408E685F8D4DD /* libPods-RACToDo-OCTests.a in Frameworks */,
			);
			runOnlyForDeploymentPostprocessing = 0;
		};
		AF20B1B41E40D1BE002787E2 /* Frameworks */ = {
			isa = PBXFrameworksBuildPhase;
			buildActionMask = 2147483647;
			files = (
			);
			runOnlyForDeploymentPostprocessing = 0;
		};
/* End PBXFrameworksBuildPhase section */

/* Begin PBXGroup section */
		086CA1667B40BC343886F36A /* Frameworks */ = {
			isa = PBXGroup;
			children = (
				AF0FE02D1E40D62C00129890 /* libsqlite3.0.tbd */,
				6E5D7E91BDB091A922EB1417 /* libPods-RACToDo-OC.a */,
				C456215B77A7ABEC623B2921 /* libPods-RACToDo-OCTests.a */,
			);
			name = Frameworks;
			sourceTree = "<group>";
		};
		783D83A46B513962D5CF2092 /* Pods */ = {
			isa = PBXGroup;
			children = (
				2E487A7F390FAC36018E06F8 /* Pods-RACToDo-OC.debug.xcconfig */,
				EBB5CC87EA25CC9C4B3D1F8E /* Pods-RACToDo-OC.release.xcconfig */,
				2C9D3EBD7555A32647E1F6BB /* Pods-RACToDo-OCTests.debug.xcconfig */,
				1E373D3E09CDBEF59E3B22D7 /* Pods-RACToDo-OCTests.release.xcconfig */,
			);
			name = Pods;
			sourceTree = "<group>";
		};
		AF20B18A1E40D1BE002787E2 = {
			isa = PBXGroup;
			children = (
				AF20B1951E40D1BE002787E2 /* RACToDo-OC */,
				AF20B1AF1E40D1BE002787E2 /* RACToDo-OCTests */,
				AF20B1BA1E40D1BE002787E2 /* RACToDo-OCUITests */,
				AF20B1941E40D1BE002787E2 /* Products */,
				783D83A46B513962D5CF2092 /* Pods */,
				086CA1667B40BC343886F36A /* Frameworks */,
			);
			sourceTree = "<group>";
		};
		AF20B1941E40D1BE002787E2 /* Products */ = {
			isa = PBXGroup;
			children = (
				AF20B1931E40D1BE002787E2 /* RACToDo-OC.app */,
				AF20B1AC1E40D1BE002787E2 /* RACToDo-OCTests.xctest */,
				AF20B1B71E40D1BE002787E2 /* RACToDo-OCUITests.xctest */,
			);
			name = Products;
			sourceTree = "<group>";
		};
		AF20B1951E40D1BE002787E2 /* RACToDo-OC */ = {
			isa = PBXGroup;
			children = (
				AF20B1991E40D1BE002787E2 /* AppDelegate.h */,
				AF20B19A1E40D1BE002787E2 /* AppDelegate.m */,
				AF20B1D11E40D29A002787E2 /* Model */,
				AF20B1D01E40D290002787E2 /* View-Model */,
				AF20B1CF1E40D287002787E2 /* Controller */,
				AF20B19F1E40D1BE002787E2 /* Main.storyboard */,
				AF0FE02F1E40D66600129890 /* Header.pch */,
				AF20B1A21E40D1BE002787E2 /* Assets.xcassets */,
				AF20B1A41E40D1BE002787E2 /* LaunchScreen.storyboard */,
				AF20B1A71E40D1BE002787E2 /* Info.plist */,
				AF20B1961E40D1BE002787E2 /* Supporting Files */,
			);
			path = "RACToDo-OC";
			sourceTree = "<group>";
		};
		AF20B1961E40D1BE002787E2 /* Supporting Files */ = {
			isa = PBXGroup;
			children = (
				AF20B1971E40D1BE002787E2 /* main.m */,
			);
			name = "Supporting Files";
			sourceTree = "<group>";
		};
		AF20B1AF1E40D1BE002787E2 /* RACToDo-OCTests */ = {
			isa = PBXGroup;
			children = (
				AF20B1B01E40D1BE002787E2 /* RACToDo_OCTests.m */,
				AF20B1B21E40D1BE002787E2 /* Info.plist */,
			);
			path = "RACToDo-OCTests";
			sourceTree = "<group>";
		};
		AF20B1BA1E40D1BE002787E2 /* RACToDo-OCUITests */ = {
			isa = PBXGroup;
			children = (
				AF20B1BB1E40D1BE002787E2 /* RACToDo_OCUITests.m */,
				AF20B1BD1E40D1BE002787E2 /* Info.plist */,
			);
			path = "RACToDo-OCUITests";
			sourceTree = "<group>";
		};
		AF20B1CF1E40D287002787E2 /* Controller */ = {
			isa = PBXGroup;
			children = (
				AF20B1C91E40D25D002787E2 /* FirstTableViewController.h */,
				AF20B1CA1E40D25D002787E2 /* FirstTableViewController.m */,
				AF20B1CC1E40D270002787E2 /* SecondViewController.h */,
				AF20B1CD1E40D270002787E2 /* SecondViewController.m */,
			);
			name = Controller;
			sourceTree = "<group>";
		};
		AF20B1D01E40D290002787E2 /* View-Model */ = {
			isa = PBXGroup;
			children = (
			);
			name = "View-Model";
			sourceTree = "<group>";
		};
		AF20B1D11E40D29A002787E2 /* Model */ = {
			isa = PBXGroup;
			children = (
			);
			name = Model;
			sourceTree = "<group>";
		};
/* End PBXGroup section */

/* Begin PBXNativeTarget section */
		AF20B1921E40D1BE002787E2 /* RACToDo-OC */ = {
			isa = PBXNativeTarget;
			buildConfigurationList = AF20B1C01E40D1BE002787E2 /* Build configuration list for PBXNativeTarget "RACToDo-OC" */;
			buildPhases = (
				13BCC47E538C0E90F2BD6220 /* [CP] Check Pods Manifest.lock */,
				AF20B18F1E40D1BE002787E2 /* Sources */,
				AF20B1901E40D1BE002787E2 /* Frameworks */,
				AF20B1911E40D1BE002787E2 /* Resources */,
				8EC192B967D3A821A27AFD6E /* [CP] Embed Pods Frameworks */,
				61F58AEB0DA4840F29C3F91F /* [CP] Copy Pods Resources */,
			);
			buildRules = (
			);
			dependencies = (
			);
			name = "RACToDo-OC";
			productName = "RACToDo-OC";
			productReference = AF20B1931E40D1BE002787E2 /* RACToDo-OC.app */;
			productType = "com.apple.product-type.application";
		};
		AF20B1AB1E40D1BE002787E2 /* RACToDo-OCTests */ = {
			isa = PBXNativeTarget;
			buildConfigurationList = AF20B1C31E40D1BE002787E2 /* Build configuration list for PBXNativeTarget "RACToDo-OCTests" */;
			buildPhases = (
				1FC8ED1003B220D864BC4EA1 /* [CP] Check Pods Manifest.lock */,
				AF20B1A81E40D1BE002787E2 /* Sources */,
				AF20B1A91E40D1BE002787E2 /* Frameworks */,
				AF20B1AA1E40D1BE002787E2 /* Resources */,
				C29E703E278EF025C38EDFCE /* [CP] Embed Pods Frameworks */,
				4404E1B30B996BDCA899FB8F /* [CP] Copy Pods Resources */,
			);
			buildRules = (
			);
			dependencies = (
				AF20B1AE1E40D1BE002787E2 /* PBXTargetDependency */,
			);
			name = "RACToDo-OCTests";
			productName = "RACToDo-OCTests";
			productReference = AF20B1AC1E40D1BE002787E2 /* RACToDo-OCTests.xctest */;
			productType = "com.apple.product-type.bundle.unit-test";
		};
		AF20B1B61E40D1BE002787E2 /* RACToDo-OCUITests */ = {
			isa = PBXNativeTarget;
			buildConfigurationList = AF20B1C61E40D1BE002787E2 /* Build configuration list for PBXNativeTarget "RACToDo-OCUITests" */;
			buildPhases = (
				AF20B1B31E40D1BE002787E2 /* Sources */,
				AF20B1B41E40D1BE002787E2 /* Frameworks */,
				AF20B1B51E40D1BE002787E2 /* Resources */,
			);
			buildRules = (
			);
			dependencies = (
				AF20B1B91E40D1BE002787E2 /* PBXTargetDependency */,
			);
			name = "RACToDo-OCUITests";
			productName = "RACToDo-OCUITests";
			productReference = AF20B1B71E40D1BE002787E2 /* RACToDo-OCUITests.xctest */;
			productType = "com.apple.product-type.bundle.ui-testing";
		};
/* End PBXNativeTarget section */

/* Begin PBXProject section */
		AF20B18B1E40D1BE002787E2 /* Project object */ = {
			isa = PBXProject;
			attributes = {
				LastUpgradeCheck = 0820;
				ORGANIZATIONNAME = "海啸";
				TargetAttributes = {
					AF20B1921E40D1BE002787E2 = {
						CreatedOnToolsVersion = 8.2;
						DevelopmentTeam = 8CJPZVXX3U;
						ProvisioningStyle = Automatic;
					};
					AF20B1AB1E40D1BE002787E2 = {
						CreatedOnToolsVersion = 8.2;
						DevelopmentTeam = 8CJPZVXX3U;
						ProvisioningStyle = Automatic;
						TestTargetID = AF20B1921E40D1BE002787E2;
					};
					AF20B1B61E40D1BE002787E2 = {
						CreatedOnToolsVersion = 8.2;
						DevelopmentTeam = 8CJPZVXX3U;
						ProvisioningStyle = Automatic;
						TestTargetID = AF20B1921E40D1BE002787E2;
					};
				};
			};
			buildConfigurationList = AF20B18E1E40D1BE002787E2 /* Build configuration list for PBXProject "RACToDo-OC" */;
			compatibilityVersion = "Xcode 3.2";
			developmentRegion = English;
			hasScannedForEncodings = 0;
			knownRegions = (
				en,
				Base,
			);
			mainGroup = AF20B18A1E40D1BE002787E2;
			productRefGroup = AF20B1941E40D1BE002787E2 /* Products */;
			projectDirPath = "";
			projectRoot = "";
			targets = (
				AF20B1921E40D1BE002787E2 /* RACToDo-OC */,
				AF20B1AB1E40D1BE002787E2 /* RACToDo-OCTests */,
				AF20B1B61E40D1BE002787E2 /* RACToDo-OCUITests */,
			);
		};
/* End PBXProject section */

/* Begin PBXResourcesBuildPhase section */
		AF20B1911E40D1BE002787E2 /* Resources */ = {
			isa = PBXResourcesBuildPhase;
			buildActionMask = 2147483647;
			files = (
				AF20B1A61E40D1BE002787E2 /* LaunchScreen.storyboard in Resources */,
				AF20B1A31E40D1BE002787E2 /* Assets.xcassets in Resources */,
				AF20B1A11E40D1BE002787E2 /* Main.storyboard in Resources */,
			);
			runOnlyForDeploymentPostprocessing = 0;
		};
		AF20B1AA1E40D1BE002787E2 /* Resources */ = {
			isa = PBXResourcesBuildPhase;
			buildActionMask = 2147483647;
			files = (
			);
			runOnlyForDeploymentPostprocessing = 0;
		};
		AF20B1B51E40D1BE002787E2 /* Resources */ = {
			isa = PBXResourcesBuildPhase;
			buildActionMask = 2147483647;
			files = (
			);
			runOnlyForDeploymentPostprocessing = 0;
		};
/* End PBXResourcesBuildPhase section */

/* Begin PBXShellScriptBuildPhase section */
		13BCC47E538C0E90F2BD6220 /* [CP] Check Pods Manifest.lock */ = {
			isa = PBXShellScriptBuildPhase;
			buildActionMask = 2147483647;
			files = (
			);
			inputPaths = (
			);
			name = "[CP] Check Pods Manifest.lock";
			outputPaths = (
			);
			runOnlyForDeploymentPostprocessing = 0;
			shellPath = /bin/sh;
			shellScript = "diff \"${PODS_ROOT}/../Podfile.lock\" \"${PODS_ROOT}/Manifest.lock\" > /dev/null\nif [ $? != 0 ] ; then\n    # print error to STDERR\n    echo \"error: The sandbox is not in sync with the Podfile.lock. Run 'pod install' or update your CocoaPods installation.\" >&2\n    exit 1\nfi\n";
			showEnvVarsInLog = 0;
		};
		1FC8ED1003B220D864BC4EA1 /* [CP] Check Pods Manifest.lock */ = {
			isa = PBXShellScriptBuildPhase;
			buildActionMask = 2147483647;
			files = (
			);
			inputPaths = (
			);
			name = "[CP] Check Pods Manifest.lock";
			outputPaths = (
			);
			runOnlyForDeploymentPostprocessing = 0;
			shellPath = /bin/sh;
			shellScript = "diff \"${PODS_ROOT}/../Podfile.lock\" \"${PODS_ROOT}/Manifest.lock\" > /dev/null\nif [ $? != 0 ] ; then\n    # print error to STDERR\n    echo \"error: The sandbox is not in sync with the Podfile.lock. Run 'pod install' or update your CocoaPods installation.\" >&2\n    exit 1\nfi\n";
			showEnvVarsInLog = 0;
		};
		4404E1B30B996BDCA899FB8F /* [CP] Copy Pods Resources */ = {
			isa = PBXShellScriptBuildPhase;
			buildActionMask = 2147483647;
			files = (
			);
			inputPaths = (
			);
			name = "[CP] Copy Pods Resources";
			outputPaths = (
			);
			runOnlyForDeploymentPostprocessing = 0;
			shellPath = /bin/sh;
			shellScript = "\"${SRCROOT}/Pods/Target Support Files/Pods-RACToDo-OCTests/Pods-RACToDo-OCTests-resources.sh\"\n";
			showEnvVarsInLog = 0;
		};
		61F58AEB0DA4840F29C3F91F /* [CP] Copy Pods Resources */ = {
			isa = PBXShellScriptBuildPhase;
			buildActionMask = 2147483647;
			files = (
			);
			inputPaths = (
			);
			name = "[CP] Copy Pods Resources";
			outputPaths = (
			);
			runOnlyForDeploymentPostprocessing = 0;
			shellPath = /bin/sh;
			shellScript = "\"${SRCROOT}/Pods/Target Support Files/Pods-RACToDo-OC/Pods-RACToDo-OC-resources.sh\"\n";
			showEnvVarsInLog = 0;
		};
		8EC192B967D3A821A27AFD6E /* [CP] Embed Pods Frameworks */ = {
			isa = PBXShellScriptBuildPhase;
			buildActionMask = 2147483647;
			files = (
			);
			inputPaths = (
			);
			name = "[CP] Embed Pods Frameworks";
			outputPaths = (
			);
			runOnlyForDeploymentPostprocessing = 0;
			shellPath = /bin/sh;
			shellScript = "\"${SRCROOT}/Pods/Target Support Files/Pods-RACToDo-OC/Pods-RACToDo-OC-frameworks.sh\"\n";
			showEnvVarsInLog = 0;
		};
		C29E703E278EF025C38EDFCE /* [CP] Embed Pods Frameworks */ = {
			isa = PBXShellScriptBuildPhase;
			buildActionMask = 2147483647;
			files = (
			);
			inputPaths = (
			);
			name = "[CP] Embed Pods Frameworks";
			outputPaths = (
			);
			runOnlyForDeploymentPostprocessing = 0;
			shellPath = /bin/sh;
			shellScript = "\"${SRCROOT}/Pods/Target Support Files/Pods-RACToDo-OCTests/Pods-RACToDo-OCTests-frameworks.sh\"\n";
			showEnvVarsInLog = 0;
		};
/* End PBXShellScriptBuildPhase section */

/* Begin PBXSourcesBuildPhase section */
		AF20B18F1E40D1BE002787E2 /* Sources */ = {
			isa = PBXSourcesBuildPhase;
			buildActionMask = 2147483647;
			files = (
				AF20B1CE1E40D270002787E2 /* SecondViewController.m in Sources */,
				AF20B1CB1E40D25D002787E2 /* FirstTableViewController.m in Sources */,
				AF20B19B1E40D1BE002787E2 /* AppDelegate.m in Sources */,
				AF20B1981E40D1BE002787E2 /* main.m in Sources */,
			);
			runOnlyForDeploymentPostprocessing = 0;
		};
		AF20B1A81E40D1BE002787E2 /* Sources */ = {
			isa = PBXSourcesBuildPhase;
			buildActionMask = 2147483647;
			files = (
				AF20B1B11E40D1BE002787E2 /* RACToDo_OCTests.m in Sources */,
			);
			runOnlyForDeploymentPostprocessing = 0;
		};
		AF20B1B31E40D1BE002787E2 /* Sources */ = {
			isa = PBXSourcesBuildPhase;
			buildActionMask = 2147483647;
			files = (
				AF20B1BC1E40D1BE002787E2 /* RACToDo_OCUITests.m in Sources */,
			);
			runOnlyForDeploymentPostprocessing = 0;
		};
/* End PBXSourcesBuildPhase section */

/* Begin PBXTargetDependency section */
		AF20B1AE1E40D1BE002787E2 /* PBXTargetDependency */ = {
			isa = PBXTargetDependency;
			target = AF20B1921E40D1BE002787E2 /* RACToDo-OC */;
			targetProxy = AF20B1AD1E40D1BE002787E2 /* PBXContainerItemProxy */;
		};
		AF20B1B91E40D1BE002787E2 /* PBXTargetDependency */ = {
			isa = PBXTargetDependency;
			target = AF20B1921E40D1BE002787E2 /* RACToDo-OC */;
			targetProxy = AF20B1B81E40D1BE002787E2 /* PBXContainerItemProxy */;
		};
/* End PBXTargetDependency section */

/* Begin PBXVariantGroup section */
		AF20B19F1E40D1BE002787E2 /* Main.storyboard */ = {
			isa = PBXVariantGroup;
			children = (
				AF20B1A01E40D1BE002787E2 /* Base */,
			);
			name = Main.storyboard;
			sourceTree = "<group>";
		};
		AF20B1A41E40D1BE002787E2 /* LaunchScreen.storyboard */ = {
			isa = PBXVariantGroup;
			children = (
				AF20B1A51E40D1BE002787E2 /* Base */,
			);
			name = LaunchScreen.storyboard;
			sourceTree = "<group>";
		};
/* End PBXVariantGroup section */

/* Begin XCBuildConfiguration section */
		AF20B1BE1E40D1BE002787E2 /* Debug */ = {
			isa = XCBuildConfiguration;
			buildSettings = {
				ALWAYS_SEARCH_USER_PATHS = NO;
				CLANG_ANALYZER_NONNULL = YES;
				CLANG_CXX_LANGUAGE_STANDARD = "gnu++0x";
				CLANG_CXX_LIBRARY = "libc++";
				CLANG_ENABLE_MODULES = YES;
				CLANG_ENABLE_OBJC_ARC = YES;
				CLANG_WARN_BOOL_CONVERSION = YES;
				CLANG_WARN_CONSTANT_CONVERSION = YES;
				CLANG_WARN_DIRECT_OBJC_ISA_USAGE = YES_ERROR;
				CLANG_WARN_DOCUMENTATION_COMMENTS = YES;
				CLANG_WARN_EMPTY_BODY = YES;
				CLANG_WARN_ENUM_CONVERSION = YES;
				CLANG_WARN_INFINITE_RECURSION = YES;
				CLANG_WARN_INT_CONVERSION = YES;
				CLANG_WARN_OBJC_ROOT_CLASS = YES_ERROR;
				CLANG_WARN_SUSPICIOUS_MOVE = YES;
				CLANG_WARN_UNREACHABLE_CODE = YES;
				CLANG_WARN__DUPLICATE_METHOD_MATCH = YES;
				"CODE_SIGN_IDENTITY[sdk=iphoneos*]" = "iPhone Developer";
				COPY_PHASE_STRIP = NO;
				DEBUG_INFORMATION_FORMAT = dwarf;
				ENABLE_STRICT_OBJC_MSGSEND = YES;
				ENABLE_TESTABILITY = YES;
				GCC_C_LANGUAGE_STANDARD = gnu99;
				GCC_DYNAMIC_NO_PIC = NO;
				GCC_NO_COMMON_BLOCKS = YES;
				GCC_OPTIMIZATION_LEVEL = 0;
				GCC_PREPROCESSOR_DEFINITIONS = (
					"DEBUG=1",
					"$(inherited)",
				);
				GCC_WARN_64_TO_32_BIT_CONVERSION = YES;
				GCC_WARN_ABOUT_RETURN_TYPE = YES_ERROR;
				GCC_WARN_UNDECLARED_SELECTOR = YES;
				GCC_WARN_UNINITIALIZED_AUTOS = YES_AGGRESSIVE;
				GCC_WARN_UNUSED_FUNCTION = YES;
				GCC_WARN_UNUSED_VARIABLE = YES;
				IPHONEOS_DEPLOYMENT_TARGET = 10.2;
				MTL_ENABLE_DEBUG_INFO = YES;
				ONLY_ACTIVE_ARCH = YES;
				SDKROOT = iphoneos;
			};
			name = Debug;
		};
		AF20B1BF1E40D1BE002787E2 /* Release */ = {
			isa = XCBuildConfiguration;
			buildSettings = {
				ALWAYS_SEARCH_USER_PATHS = NO;
				CLANG_ANALYZER_NONNULL = YES;
				CLANG_CXX_LANGUAGE_STANDARD = "gnu++0x";
				CLANG_CXX_LIBRARY = "libc++";
				CLANG_ENABLE_MODULES = YES;
				CLANG_ENABLE_OBJC_ARC = YES;
				CLANG_WARN_BOOL_CONVERSION = YES;
				CLANG_WARN_CONSTANT_CONVERSION = YES;
				CLANG_WARN_DIRECT_OBJC_ISA_USAGE = YES_ERROR;
				CLANG_WARN_DOCUMENTATION_COMMENTS = YES;
				CLANG_WARN_EMPTY_BODY = YES;
				CLANG_WARN_ENUM_CONVERSION = YES;
				CLANG_WARN_INFINITE_RECURSION = YES;
				CLANG_WARN_INT_CONVERSION = YES;
				CLANG_WARN_OBJC_ROOT_CLASS = YES_ERROR;
				CLANG_WARN_SUSPICIOUS_MOVE = YES;
				CLANG_WARN_UNREACHABLE_CODE = YES;
				CLANG_WARN__DUPLICATE_METHOD_MATCH = YES;
				"CODE_SIGN_IDENTITY[sdk=iphoneos*]" = "iPhone Developer";
				COPY_PHASE_STRIP = NO;
				DEBUG_INFORMATION_FORMAT = "dwarf-with-dsym";
				ENABLE_NS_ASSERTIONS = NO;
				ENABLE_STRICT_OBJC_MSGSEND = YES;
				GCC_C_LANGUAGE_STANDARD = gnu99;
				GCC_NO_COMMON_BLOCKS = YES;
				GCC_WARN_64_TO_32_BIT_CONVERSION = YES;
				GCC_WARN_ABOUT_RETURN_TYPE = YES_ERROR;
				GCC_WARN_UNDECLARED_SELECTOR = YES;
				GCC_WARN_UNINITIALIZED_AUTOS = YES_AGGRESSIVE;
				GCC_WARN_UNUSED_FUNCTION = YES;
				GCC_WARN_UNUSED_VARIABLE = YES;
				IPHONEOS_DEPLOYMENT_TARGET = 10.2;
				MTL_ENABLE_DEBUG_INFO = NO;
				SDKROOT = iphoneos;
				VALIDATE_PRODUCT = YES;
			};
			name = Release;
		};
		AF20B1C11E40D1BE002787E2 /* Debug */ = {
			isa = XCBuildConfiguration;
			baseConfigurationReference = 2E487A7F390FAC36018E06F8 /* Pods-RACToDo-OC.debug.xcconfig */;
			buildSettings = {
				ASSETCATALOG_COMPILER_APPICON_NAME = AppIcon;
				DEVELOPMENT_TEAM = 8CJPZVXX3U;
				GCC_PRECOMPILE_PREFIX_HEADER = YES;
				GCC_PREFIX_HEADER = "$(SRCROOT)/RACToDo-OC/Header.pch";
				INFOPLIST_FILE = "RACToDo-OC/Info.plist";
				LD_RUNPATH_SEARCH_PATHS = "$(inherited) @executable_path/Frameworks";
				PRODUCT_BUNDLE_IDENTIFIER = "Haixiao.RACToDo-OC";
				PRODUCT_NAME = "$(TARGET_NAME)";
			};
			name = Debug;
		};
		AF20B1C21E40D1BE002787E2 /* Release */ = {
			isa = XCBuildConfiguration;
			baseConfigurationReference = EBB5CC87EA25CC9C4B3D1F8E /* Pods-RACToDo-OC.release.xcconfig */;
			buildSettings = {
				ASSETCATALOG_COMPILER_APPICON_NAME = AppIcon;
				DEVELOPMENT_TEAM = 8CJPZVXX3U;
				GCC_PRECOMPILE_PREFIX_HEADER = YES;
				GCC_PREFIX_HEADER = "$(SRCROOT)/RACToDo-OC/Header.pch";
				INFOPLIST_FILE = "RACToDo-OC/Info.plist";
				LD_RUNPATH_SEARCH_PATHS = "$(inherited) @executable_path/Frameworks";
				PRODUCT_BUNDLE_IDENTIFIER = "Haixiao.RACToDo-OC";
				PRODUCT_NAME = "$(TARGET_NAME)";
			};
			name = Release;
		};
		AF20B1C41E40D1BE002787E2 /* Debug */ = {
			isa = XCBuildConfiguration;
			baseConfigurationReference = 2C9D3EBD7555A32647E1F6BB /* Pods-RACToDo-OCTests.debug.xcconfig */;
			buildSettings = {
				BUNDLE_LOADER = "$(TEST_HOST)";
				DEVELOPMENT_TEAM = 8CJPZVXX3U;
				INFOPLIST_FILE = "RACToDo-OCTests/Info.plist";
				LD_RUNPATH_SEARCH_PATHS = "$(inherited) @executable_path/Frameworks @loader_path/Frameworks";
				PRODUCT_BUNDLE_IDENTIFIER = "Haixiao.RACToDo-OCTests";
				PRODUCT_NAME = "$(TARGET_NAME)";
				TEST_HOST = "$(BUILT_PRODUCTS_DIR)/RACToDo-OC.app/RACToDo-OC";
			};
			name = Debug;
		};
		AF20B1C51E40D1BE002787E2 /* Release */ = {
			isa = XCBuildConfiguration;
			baseConfigurationReference = 1E373D3E09CDBEF59E3B22D7 /* Pods-RACToDo-OCTests.release.xcconfig */;
			buildSettings = {
				BUNDLE_LOADER = "$(TEST_HOST)";
				DEVELOPMENT_TEAM = 8CJPZVXX3U;
				INFOPLIST_FILE = "RACToDo-OCTests/Info.plist";
				LD_RUNPATH_SEARCH_PATHS = "$(inherited) @executable_path/Frameworks @loader_path/Frameworks";
				PRODUCT_BUNDLE_IDENTIFIER = "Haixiao.RACToDo-OCTests";
				PRODUCT_NAME = "$(TARGET_NAME)";
				TEST_HOST = "$(BUILT_PRODUCTS_DIR)/RACToDo-OC.app/RACToDo-OC";
			};
			name = Release;
		};
		AF20B1C71E40D1BE002787E2 /* Debug */ = {
			isa = XCBuildConfiguration;
			buildSettings = {
				DEVELOPMENT_TEAM = 8CJPZVXX3U;
				INFOPLIST_FILE = "RACToDo-OCUITests/Info.plist";
				LD_RUNPATH_SEARCH_PATHS = "$(inherited) @executable_path/Frameworks @loader_path/Frameworks";
				PRODUCT_BUNDLE_IDENTIFIER = "Haixiao.RACToDo-OCUITests";
				PRODUCT_NAME = "$(TARGET_NAME)";
				TEST_TARGET_NAME = "RACToDo-OC";
			};
			name = Debug;
		};
		AF20B1C81E40D1BE002787E2 /* Release */ = {
			isa = XCBuildConfiguration;
			buildSettings = {
				DEVELOPMENT_TEAM = 8CJPZVXX3U;
				INFOPLIST_FILE = "RACToDo-OCUITests/Info.plist";
				LD_RUNPATH_SEARCH_PATHS = "$(inherited) @executable_path/Frameworks @loader_path/Frameworks";
				PRODUCT_BUNDLE_IDENTIFIER = "Haixiao.RACToDo-OCUITests";
				PRODUCT_NAME = "$(TARGET_NAME)";
				TEST_TARGET_NAME = "RACToDo-OC";
			};
			name = Release;
		};
/* End XCBuildConfiguration section */

/* Begin XCConfigurationList section */
		AF20B18E1E40D1BE002787E2 /* Build configuration list for PBXProject "RACToDo-OC" */ = {
			isa = XCConfigurationList;
			buildConfigurations = (
				AF20B1BE1E40D1BE002787E2 /* Debug */,
				AF20B1BF1E40D1BE002787E2 /* Release */,
			);
			defaultConfigurationIsVisible = 0;
			defaultConfigurationName = Release;
		};
		AF20B1C01E40D1BE002787E2 /* Build configuration list for PBXNativeTarget "RACToDo-OC" */ = {
			isa = XCConfigurationList;
			buildConfigurations = (
				AF20B1C11E40D1BE002787E2 /* Debug */,
				AF20B1C21E40D1BE002787E2 /* Release */,
			);
			defaultConfigurationIsVisible = 0;
			defaultConfigurationName = Release;
		};
		AF20B1C31E40D1BE002787E2 /* Build configuration list for PBXNativeTarget "RACToDo-OCTests" */ = {
			isa = XCConfigurationList;
			buildConfigurations = (
				AF20B1C41E40D1BE002787E2 /* Debug */,
				AF20B1C51E40D1BE002787E2 /* Release */,
			);
			defaultConfigurationIsVisible = 0;
			defaultConfigurationName = Release;
		};
		AF20B1C61E40D1BE002787E2 /* Build configuration list for PBXNativeTarget "RACToDo-OCUITests" */ = {
			isa = XCConfigurationList;
			buildConfigurations = (
				AF20B1C71E40D1BE002787E2 /* Debug */,
				AF20B1C81E40D1BE002787E2 /* Release */,
			);
			defaultConfigurationIsVisible = 0;
			defaultConfigurationName = Release;
		};
/* End XCConfigurationList section */
	};
	rootObject = AF20B18B1E40D1BE002787E2 /* Project object */;
}
